
Microsoft Visual Studio Solution File, Format Version 12.00
# Visual Studio 15
VisualStudioVersion = 15.0.28307.168
MinimumVisualStudioVersion = 10.0.40219.1
Project("{9A19103F-16F7-4668-BE54-9A1E7A4F7556}") = "01-Reverse-Strings", "01-Reverse-Strings\01-Reverse-Strings.csproj", "{A782CBE4-F1BC-49E0-9398-709A2984E327}"
EndProject
Project("{9A19103F-16F7-4668-BE54-9A1E7A4F7556}") = "02-Stack-Sum", "02-Stack-Sum\02-Stack-Sum.csproj", "{3F9334EF-1A6F-4CF3-8B4B-AE1D29DB7829}"
EndProject
Project("{FAE04EC0-301F-11D3-BF4B-00C04F79EFBC}") = "03-Simple-Calculator", "03-Simple-Calculator\03-Simple-Calculator.csproj", "{9D3B15E3-0665-4B1E-90DB-CBF7AB58FC2B}"
EndProject
Project("{FAE04EC0-301F-11D3-BF4B-00C04F79EFBC}") = "04-Matching-Brackets", "04-Matching-Brackets\04-Matching-Brackets.csproj", "{3A7BBC36-B240-4D24-BDDE-7594649C1B1A}"
EndProject
Project("{FAE04EC0-301F-11D3-BF4B-00C04F79EFBC}") = "05-Print-Even-Numbers", "05-Print-Even-Numbers\05-Print-Even-Numbers.csproj", "{8B3C040A-9E6B-49FF-BD90-6E80115D87A8}"
EndProject
Project("{FAE04EC0-301F-11D3-BF4B-00C04F79EFBC}") = "06-Supermarket", "06-Supermarket\06-Supermarket.csproj", "{900418B3-0410-48F7-9ECE-F4B841C7795B}"
EndProject
Project("{FAE04EC0-301F-11D3-BF4B-00C04F79EFBC}") = "07-Hot-Potato", "07-Hot-Potato\07-Hot-Potato.csproj", "{91539D6F-080F-44BF-96C3-340486AA0278}"
EndProject
Project("{FAE04EC0-301F-11D3-BF4B-00C04F79EFBC}") = "08-Traffic-Jam", "08-Traffic-Jam\08-Traffic-Jam.csproj", "{436D63A6-CEB6-48D9-AB76-D211746C0B3A}"
EndProject
Global
	GlobalSection(SolutionConfigurationPlatforms) = preSolution
		Debug|Any CPU = Debug|Any CPU
		Release|Any CPU = Release|Any CPU
	EndGlobalSection
	GlobalSection(ProjectConfigurationPlatforms) = postSolution
		{A782CBE4-F1BC-49E0-9398-709A2984E327}.Debug|Any CPU.ActiveCfg = Debug|Any CPU
		{A782CBE4-F1BC-49E0-9398-709A2984E327}.Debug|Any CPU.Build.0 = Debug|Any CPU
		{A782CBE4-F1BC-49E0-9398-709A2984E327}.Release|Any CPU.ActiveCfg = Release|Any CPU
		{A782CBE4-F1BC-49E0-9398-709A2984E327}.Release|Any CPU.Build.0 = Release|Any CPU
		{3F9334EF-1A6F-4CF3-8B4B-AE1D29DB7829}.Debug|Any CPU.ActiveCfg = Debug|Any CPU
		{3F9334EF-1A6F-4CF3-8B4B-AE1D29DB7829}.Debug|Any CPU.Build.0 = Debug|Any CPU
		{3F9334EF-1A6F-4CF3-8B4B-AE1D29DB7829}.Release|Any CPU.ActiveCfg = Release|Any CPU
		{3F9334EF-1A6F-4CF3-8B4B-AE1D29DB7829}.Release|Any CPU.Build.0 = Release|Any CPU
		{9D3B15E3-0665-4B1E-90DB-CBF7AB58FC2B}.Debug|Any CPU.ActiveCfg = Debug|Any CPU
		{9D3B15E3-0665-4B1E-90DB-CBF7AB58FC2B}.Debug|Any CPU.Build.0 = Debug|Any CPU
		{9D3B15E3-0665-4B1E-90DB-CBF7AB58FC2B}.Release|Any CPU.ActiveCfg = Release|Any CPU
		{9D3B15E3-0665-4B1E-90DB-CBF7AB58FC2B}.Release|Any CPU.Build.0 = Release|Any CPU
		{3A7BBC36-B240-4D24-BDDE-7594649C1B1A}.Debug|Any CPU.ActiveCfg = Debug|Any CPU
		{3A7BBC36-B240-4D24-BDDE-7594649C1B1A}.Debug|Any CPU.Build.0 = Debug|Any CPU
		{3A7BBC36-B240-4D24-BDDE-7594649C1B1A}.Release|Any CPU.ActiveCfg = Release|Any CPU
		{3A7BBC36-B240-4D24-BDDE-7594649C1B1A}.Release|Any CPU.Build.0 = Release|Any CPU
		{8B3C040A-9E6B-49FF-BD90-6E80115D87A8}.Debug|Any CPU.ActiveCfg = Debug|Any CPU
		{8B3C040A-9E6B-49FF-BD90-6E80115D87A8}.Debug|Any CPU.Build.0 = Debug|Any CPU
		{8B3C040A-9E6B-49FF-BD90-6E80115D87A8}.Release|Any CPU.ActiveCfg = Release|Any CPU
		{8B3C040A-9E6B-49FF-BD90-6E80115D87A8}.Release|Any CPU.Build.0 = Release|Any CPU
		{900418B3-0410-48F7-9ECE-F4B841C7795B}.Debug|Any CPU.ActiveCfg = Debug|Any CPU
		{900418B3-0410-48F7-9ECE-F4B841C7795B}.Debug|Any CPU.Build.0 = Debug|Any CPU
		{900418B3-0410-48F7-9ECE-F4B841C7795B}.Release|Any CPU.ActiveCfg = Release|Any CPU
		{900418B3-0410-48F7-9ECE-F4B841C7795B}.Release|Any CPU.Build.0 = Release|Any CPU
		{91539D6F-080F-44BF-96C3-340486AA0278}.Debug|Any CPU.ActiveCfg = Debug|Any CPU
		{91539D6F-080F-44BF-96C3-340486AA0278}.Debug|Any CPU.Build.0 = Debug|Any CPU
		{91539D6F-080F-44BF-96C3-340486AA0278}.Release|Any CPU.ActiveCfg = Release|Any CPU
		{91539D6F-080F-44BF-96C3-340486AA0278}.Release|Any CPU.Build.0 = Release|Any CPU
		{436D63A6-CEB6-48D9-AB76-D211746C0B3A}.Debug|Any CPU.ActiveCfg = Debug|Any CPU
		{436D63A6-CEB6-48D9-AB76-D211746C0B3A}.Debug|Any CPU.Build.0 = Debug|Any CPU
		{436D63A6-CEB6-48D9-AB76-D211746C0B3A}.Release|Any CPU.ActiveCfg = Release|Any CPU
		{436D63A6-CEB6-48D9-AB76-D211746C0B3A}.Release|Any CPU.Build.0 = Release|Any CPU
	EndGlobalSection
	GlobalSection(SolutionProperties) = preSolution
		HideSolutionNode = FALSE
	EndGlobalSection
	GlobalSection(ExtensibilityGlobals) = postSolution
		SolutionGuid = {B7C2D1E7-01CC-4B5B-B1AF-BDA086D4251E}
	EndGlobalSection
EndGlobal
