
Microsoft Visual Studio Solution File, Format Version 12.00
# Visual Studio 15
VisualStudioVersion = 15.0.28307.136
MinimumVisualStudioVersion = 10.0.40219.1
Project("{FAE04EC0-301F-11D3-BF4B-00C04F79EFBC}") = "01-Box-of-T", "01-Box-of-T\01-Box-of-T.csproj", "{66D2D210-FE6B-4282-9294-3DDA42C4D581}"
EndProject
Project("{FAE04EC0-301F-11D3-BF4B-00C04F79EFBC}") = "02-GenericArrayCreator", "02-GenericArrayCreator\02-GenericArrayCreator.csproj", "{D57CBCA7-2C9E-4571-B0EB-BB37FB7CC1C9}"
EndProject
Project("{FAE04EC0-301F-11D3-BF4B-00C04F79EFBC}") = "03-GenericScale", "03-GenericScale\03-GenericScale.csproj", "{F3A2082D-D1D2-4944-815A-6D811DF4EB62}"
EndProject
Global
	GlobalSection(SolutionConfigurationPlatforms) = preSolution
		Debug|Any CPU = Debug|Any CPU
		Release|Any CPU = Release|Any CPU
	EndGlobalSection
	GlobalSection(ProjectConfigurationPlatforms) = postSolution
		{66D2D210-FE6B-4282-9294-3DDA42C4D581}.Debug|Any CPU.ActiveCfg = Debug|Any CPU
		{66D2D210-FE6B-4282-9294-3DDA42C4D581}.Debug|Any CPU.Build.0 = Debug|Any CPU
		{66D2D210-FE6B-4282-9294-3DDA42C4D581}.Release|Any CPU.ActiveCfg = Release|Any CPU
		{66D2D210-FE6B-4282-9294-3DDA42C4D581}.Release|Any CPU.Build.0 = Release|Any CPU
		{D57CBCA7-2C9E-4571-B0EB-BB37FB7CC1C9}.Debug|Any CPU.ActiveCfg = Debug|Any CPU
		{D57CBCA7-2C9E-4571-B0EB-BB37FB7CC1C9}.Debug|Any CPU.Build.0 = Debug|Any CPU
		{D57CBCA7-2C9E-4571-B0EB-BB37FB7CC1C9}.Release|Any CPU.ActiveCfg = Release|Any CPU
		{D57CBCA7-2C9E-4571-B0EB-BB37FB7CC1C9}.Release|Any CPU.Build.0 = Release|Any CPU
		{F3A2082D-D1D2-4944-815A-6D811DF4EB62}.Debug|Any CPU.ActiveCfg = Debug|Any CPU
		{F3A2082D-D1D2-4944-815A-6D811DF4EB62}.Debug|Any CPU.Build.0 = Debug|Any CPU
		{F3A2082D-D1D2-4944-815A-6D811DF4EB62}.Release|Any CPU.ActiveCfg = Release|Any CPU
		{F3A2082D-D1D2-4944-815A-6D811DF4EB62}.Release|Any CPU.Build.0 = Release|Any CPU
	EndGlobalSection
	GlobalSection(SolutionProperties) = preSolution
		HideSolutionNode = FALSE
	EndGlobalSection
	GlobalSection(ExtensibilityGlobals) = postSolution
		SolutionGuid = {6F238D7A-6F99-431D-BA0B-541048C2B9BB}
	EndGlobalSection
EndGlobal
