
Microsoft Visual Studio Solution File, Format Version 12.00
# Visual Studio 15
VisualStudioVersion = 15.0.28307.136
MinimumVisualStudioVersion = 10.0.40219.1
Project("{FAE04EC0-301F-11D3-BF4B-00C04F79EFBC}") = "01-Sum-Matrix-Elements", "01-Sum-Matrix-Elements\01-Sum-Matrix-Elements.csproj", "{0C6CDB67-E5EE-4470-A583-6ABAB159DC8A}"
EndProject
Project("{FAE04EC0-301F-11D3-BF4B-00C04F79EFBC}") = "02-Sum-Matrix-Columns", "02-Sum-Matrix-Columns\02-Sum-Matrix-Columns.csproj", "{2C496FC7-AE6E-4772-8F3B-2ED86CF1F746}"
EndProject
Project("{FAE04EC0-301F-11D3-BF4B-00C04F79EFBC}") = "03-Primary-Diagonal", "03-Primary-Diagonal\03-Primary-Diagonal.csproj", "{177EF9D6-FF7D-4E23-87BC-45D555FE8510}"
EndProject
Project("{FAE04EC0-301F-11D3-BF4B-00C04F79EFBC}") = "04-Symbol-In-Matrix", "04-Symbol-In-Matrix\04-Symbol-In-Matrix.csproj", "{A76DE733-3579-4999-86C5-1AAFCC9104FE}"
EndProject
Project("{FAE04EC0-301F-11D3-BF4B-00C04F79EFBC}") = "05-Square-With-Maximum-Sum", "05-Square-With-Maximum-Sum\05-Square-With-Maximum-Sum.csproj", "{AF949ACF-15DD-495A-B34C-D9340B8CC44B}"
EndProject
Project("{FAE04EC0-301F-11D3-BF4B-00C04F79EFBC}") = "06-Jagged-Array-Modification", "06-Jagged-Array-Modification\06-Jagged-Array-Modification.csproj", "{6FC9A109-C3FC-45BE-AE4F-D1CD0864655D}"
EndProject
Project("{FAE04EC0-301F-11D3-BF4B-00C04F79EFBC}") = "07-Pascal-Triangle", "07-Pascal-Triangle\07-Pascal-Triangle.csproj", "{5C5E5F57-9631-4673-9EE1-C6EFEB8B91C4}"
EndProject
Global
	GlobalSection(SolutionConfigurationPlatforms) = preSolution
		Debug|Any CPU = Debug|Any CPU
		Release|Any CPU = Release|Any CPU
	EndGlobalSection
	GlobalSection(ProjectConfigurationPlatforms) = postSolution
		{0C6CDB67-E5EE-4470-A583-6ABAB159DC8A}.Debug|Any CPU.ActiveCfg = Debug|Any CPU
		{0C6CDB67-E5EE-4470-A583-6ABAB159DC8A}.Debug|Any CPU.Build.0 = Debug|Any CPU
		{0C6CDB67-E5EE-4470-A583-6ABAB159DC8A}.Release|Any CPU.ActiveCfg = Release|Any CPU
		{0C6CDB67-E5EE-4470-A583-6ABAB159DC8A}.Release|Any CPU.Build.0 = Release|Any CPU
		{2C496FC7-AE6E-4772-8F3B-2ED86CF1F746}.Debug|Any CPU.ActiveCfg = Debug|Any CPU
		{2C496FC7-AE6E-4772-8F3B-2ED86CF1F746}.Debug|Any CPU.Build.0 = Debug|Any CPU
		{2C496FC7-AE6E-4772-8F3B-2ED86CF1F746}.Release|Any CPU.ActiveCfg = Release|Any CPU
		{2C496FC7-AE6E-4772-8F3B-2ED86CF1F746}.Release|Any CPU.Build.0 = Release|Any CPU
		{177EF9D6-FF7D-4E23-87BC-45D555FE8510}.Debug|Any CPU.ActiveCfg = Debug|Any CPU
		{177EF9D6-FF7D-4E23-87BC-45D555FE8510}.Debug|Any CPU.Build.0 = Debug|Any CPU
		{177EF9D6-FF7D-4E23-87BC-45D555FE8510}.Release|Any CPU.ActiveCfg = Release|Any CPU
		{177EF9D6-FF7D-4E23-87BC-45D555FE8510}.Release|Any CPU.Build.0 = Release|Any CPU
		{A76DE733-3579-4999-86C5-1AAFCC9104FE}.Debug|Any CPU.ActiveCfg = Debug|Any CPU
		{A76DE733-3579-4999-86C5-1AAFCC9104FE}.Debug|Any CPU.Build.0 = Debug|Any CPU
		{A76DE733-3579-4999-86C5-1AAFCC9104FE}.Release|Any CPU.ActiveCfg = Release|Any CPU
		{A76DE733-3579-4999-86C5-1AAFCC9104FE}.Release|Any CPU.Build.0 = Release|Any CPU
		{AF949ACF-15DD-495A-B34C-D9340B8CC44B}.Debug|Any CPU.ActiveCfg = Debug|Any CPU
		{AF949ACF-15DD-495A-B34C-D9340B8CC44B}.Debug|Any CPU.Build.0 = Debug|Any CPU
		{AF949ACF-15DD-495A-B34C-D9340B8CC44B}.Release|Any CPU.ActiveCfg = Release|Any CPU
		{AF949ACF-15DD-495A-B34C-D9340B8CC44B}.Release|Any CPU.Build.0 = Release|Any CPU
		{6FC9A109-C3FC-45BE-AE4F-D1CD0864655D}.Debug|Any CPU.ActiveCfg = Debug|Any CPU
		{6FC9A109-C3FC-45BE-AE4F-D1CD0864655D}.Debug|Any CPU.Build.0 = Debug|Any CPU
		{6FC9A109-C3FC-45BE-AE4F-D1CD0864655D}.Release|Any CPU.ActiveCfg = Release|Any CPU
		{6FC9A109-C3FC-45BE-AE4F-D1CD0864655D}.Release|Any CPU.Build.0 = Release|Any CPU
		{5C5E5F57-9631-4673-9EE1-C6EFEB8B91C4}.Debug|Any CPU.ActiveCfg = Debug|Any CPU
		{5C5E5F57-9631-4673-9EE1-C6EFEB8B91C4}.Debug|Any CPU.Build.0 = Debug|Any CPU
		{5C5E5F57-9631-4673-9EE1-C6EFEB8B91C4}.Release|Any CPU.ActiveCfg = Release|Any CPU
		{5C5E5F57-9631-4673-9EE1-C6EFEB8B91C4}.Release|Any CPU.Build.0 = Release|Any CPU
	EndGlobalSection
	GlobalSection(SolutionProperties) = preSolution
		HideSolutionNode = FALSE
	EndGlobalSection
	GlobalSection(ExtensibilityGlobals) = postSolution
		SolutionGuid = {8B911E3B-ED94-4694-B52B-1F511D259730}
	EndGlobalSection
EndGlobal
