
Microsoft Visual Studio Solution File, Format Version 12.00
# Visual Studio 15
VisualStudioVersion = 15.0.28307.136
MinimumVisualStudioVersion = 10.0.40219.1
Project("{9A19103F-16F7-4668-BE54-9A1E7A4F7556}") = "01-Define-A-Class-Person", "01-Define-A-Class-Person\01-Define-A-Class-Person.csproj", "{D66DB615-57C6-4B83-B44B-F40D75502F97}"
EndProject
Project("{9A19103F-16F7-4668-BE54-9A1E7A4F7556}") = "02-Creating-Constructors", "02-Creating-Constructors\02-Creating-Constructors.csproj", "{5A9F1074-6706-4184-A857-5E7E97B5BE8B}"
EndProject
Project("{9A19103F-16F7-4668-BE54-9A1E7A4F7556}") = "03-Oldest-Family-Member", "03-Oldest-Family-Member\03-Oldest-Family-Member.csproj", "{95E3A2B3-4514-46AB-9D4B-744991CA9241}"
EndProject
Project("{9A19103F-16F7-4668-BE54-9A1E7A4F7556}") = "04-Opinion-Poll", "04-Opinion-Poll\04-Opinion-Poll.csproj", "{C2D29EBC-1CD6-4FF1-9954-E32228B9BD55}"
EndProject
Project("{9A19103F-16F7-4668-BE54-9A1E7A4F7556}") = "05-Date-Modifier", "05-Date-Modifier\05-Date-Modifier.csproj", "{0B0580C5-4C0E-49F2-98B2-78E776504AF6}"
EndProject
Project("{9A19103F-16F7-4668-BE54-9A1E7A4F7556}") = "06-Company-Roster", "06-Company-Roster\06-Company-Roster.csproj", "{0E800295-B0BF-46F2-BF01-A1B0D4E1038F}"
EndProject
Project("{9A19103F-16F7-4668-BE54-9A1E7A4F7556}") = "07-Speed-Racing", "07-Speed-Racing\07-Speed-Racing.csproj", "{1F0564CA-A245-40A8-A197-86AC24860DA1}"
EndProject
Project("{9A19103F-16F7-4668-BE54-9A1E7A4F7556}") = "08-Raw-Data", "08-Raw-Data\08-Raw-Data.csproj", "{F5CF69AA-8881-4FE7-A750-741518B5C2AD}"
EndProject
Project("{9A19103F-16F7-4668-BE54-9A1E7A4F7556}") = "09-Rectangle-Intersection", "09-Rectangle-Intersection\09-Rectangle-Intersection.csproj", "{56238FFB-0B2F-447E-AA49-785E441766D9}"
EndProject
Project("{FAE04EC0-301F-11D3-BF4B-00C04F79EFBC}") = "10-Car-Salesman", "10-Car-Salesman\10-Car-Salesman.csproj", "{B5183CBD-A720-4875-8DD9-79BB81306086}"
EndProject
Project("{FAE04EC0-301F-11D3-BF4B-00C04F79EFBC}") = "11-Pokemon-Trainer", "11-Pokemon-Trainer\11-Pokemon-Trainer.csproj", "{E3D6617A-04A7-4975-A1C3-C58AB9BFE775}"
EndProject
Project("{FAE04EC0-301F-11D3-BF4B-00C04F79EFBC}") = "12-Google", "12-Google\12-Google.csproj", "{0D227961-D8D3-4DAD-824E-E573F3860B6A}"
EndProject
Project("{FAE04EC0-301F-11D3-BF4B-00C04F79EFBC}") = "13-Family-Tree", "13-Family-Tree\13-Family-Tree.csproj", "{F1F4C115-0531-4E28-B84C-81297430E1B2}"
EndProject
Global
	GlobalSection(SolutionConfigurationPlatforms) = preSolution
		Debug|Any CPU = Debug|Any CPU
		Release|Any CPU = Release|Any CPU
	EndGlobalSection
	GlobalSection(ProjectConfigurationPlatforms) = postSolution
		{D66DB615-57C6-4B83-B44B-F40D75502F97}.Debug|Any CPU.ActiveCfg = Debug|Any CPU
		{D66DB615-57C6-4B83-B44B-F40D75502F97}.Debug|Any CPU.Build.0 = Debug|Any CPU
		{D66DB615-57C6-4B83-B44B-F40D75502F97}.Release|Any CPU.ActiveCfg = Release|Any CPU
		{D66DB615-57C6-4B83-B44B-F40D75502F97}.Release|Any CPU.Build.0 = Release|Any CPU
		{5A9F1074-6706-4184-A857-5E7E97B5BE8B}.Debug|Any CPU.ActiveCfg = Debug|Any CPU
		{5A9F1074-6706-4184-A857-5E7E97B5BE8B}.Debug|Any CPU.Build.0 = Debug|Any CPU
		{5A9F1074-6706-4184-A857-5E7E97B5BE8B}.Release|Any CPU.ActiveCfg = Release|Any CPU
		{5A9F1074-6706-4184-A857-5E7E97B5BE8B}.Release|Any CPU.Build.0 = Release|Any CPU
		{95E3A2B3-4514-46AB-9D4B-744991CA9241}.Debug|Any CPU.ActiveCfg = Debug|Any CPU
		{95E3A2B3-4514-46AB-9D4B-744991CA9241}.Debug|Any CPU.Build.0 = Debug|Any CPU
		{95E3A2B3-4514-46AB-9D4B-744991CA9241}.Release|Any CPU.ActiveCfg = Release|Any CPU
		{95E3A2B3-4514-46AB-9D4B-744991CA9241}.Release|Any CPU.Build.0 = Release|Any CPU
		{C2D29EBC-1CD6-4FF1-9954-E32228B9BD55}.Debug|Any CPU.ActiveCfg = Debug|Any CPU
		{C2D29EBC-1CD6-4FF1-9954-E32228B9BD55}.Debug|Any CPU.Build.0 = Debug|Any CPU
		{C2D29EBC-1CD6-4FF1-9954-E32228B9BD55}.Release|Any CPU.ActiveCfg = Release|Any CPU
		{C2D29EBC-1CD6-4FF1-9954-E32228B9BD55}.Release|Any CPU.Build.0 = Release|Any CPU
		{0B0580C5-4C0E-49F2-98B2-78E776504AF6}.Debug|Any CPU.ActiveCfg = Debug|Any CPU
		{0B0580C5-4C0E-49F2-98B2-78E776504AF6}.Debug|Any CPU.Build.0 = Debug|Any CPU
		{0B0580C5-4C0E-49F2-98B2-78E776504AF6}.Release|Any CPU.ActiveCfg = Release|Any CPU
		{0B0580C5-4C0E-49F2-98B2-78E776504AF6}.Release|Any CPU.Build.0 = Release|Any CPU
		{0E800295-B0BF-46F2-BF01-A1B0D4E1038F}.Debug|Any CPU.ActiveCfg = Debug|Any CPU
		{0E800295-B0BF-46F2-BF01-A1B0D4E1038F}.Debug|Any CPU.Build.0 = Debug|Any CPU
		{0E800295-B0BF-46F2-BF01-A1B0D4E1038F}.Release|Any CPU.ActiveCfg = Release|Any CPU
		{0E800295-B0BF-46F2-BF01-A1B0D4E1038F}.Release|Any CPU.Build.0 = Release|Any CPU
		{1F0564CA-A245-40A8-A197-86AC24860DA1}.Debug|Any CPU.ActiveCfg = Debug|Any CPU
		{1F0564CA-A245-40A8-A197-86AC24860DA1}.Debug|Any CPU.Build.0 = Debug|Any CPU
		{1F0564CA-A245-40A8-A197-86AC24860DA1}.Release|Any CPU.ActiveCfg = Release|Any CPU
		{1F0564CA-A245-40A8-A197-86AC24860DA1}.Release|Any CPU.Build.0 = Release|Any CPU
		{F5CF69AA-8881-4FE7-A750-741518B5C2AD}.Debug|Any CPU.ActiveCfg = Debug|Any CPU
		{F5CF69AA-8881-4FE7-A750-741518B5C2AD}.Debug|Any CPU.Build.0 = Debug|Any CPU
		{F5CF69AA-8881-4FE7-A750-741518B5C2AD}.Release|Any CPU.ActiveCfg = Release|Any CPU
		{F5CF69AA-8881-4FE7-A750-741518B5C2AD}.Release|Any CPU.Build.0 = Release|Any CPU
		{56238FFB-0B2F-447E-AA49-785E441766D9}.Debug|Any CPU.ActiveCfg = Debug|Any CPU
		{56238FFB-0B2F-447E-AA49-785E441766D9}.Debug|Any CPU.Build.0 = Debug|Any CPU
		{56238FFB-0B2F-447E-AA49-785E441766D9}.Release|Any CPU.ActiveCfg = Release|Any CPU
		{56238FFB-0B2F-447E-AA49-785E441766D9}.Release|Any CPU.Build.0 = Release|Any CPU
		{B5183CBD-A720-4875-8DD9-79BB81306086}.Debug|Any CPU.ActiveCfg = Debug|Any CPU
		{B5183CBD-A720-4875-8DD9-79BB81306086}.Debug|Any CPU.Build.0 = Debug|Any CPU
		{B5183CBD-A720-4875-8DD9-79BB81306086}.Release|Any CPU.ActiveCfg = Release|Any CPU
		{B5183CBD-A720-4875-8DD9-79BB81306086}.Release|Any CPU.Build.0 = Release|Any CPU
		{E3D6617A-04A7-4975-A1C3-C58AB9BFE775}.Debug|Any CPU.ActiveCfg = Debug|Any CPU
		{E3D6617A-04A7-4975-A1C3-C58AB9BFE775}.Debug|Any CPU.Build.0 = Debug|Any CPU
		{E3D6617A-04A7-4975-A1C3-C58AB9BFE775}.Release|Any CPU.ActiveCfg = Release|Any CPU
		{E3D6617A-04A7-4975-A1C3-C58AB9BFE775}.Release|Any CPU.Build.0 = Release|Any CPU
		{0D227961-D8D3-4DAD-824E-E573F3860B6A}.Debug|Any CPU.ActiveCfg = Debug|Any CPU
		{0D227961-D8D3-4DAD-824E-E573F3860B6A}.Debug|Any CPU.Build.0 = Debug|Any CPU
		{0D227961-D8D3-4DAD-824E-E573F3860B6A}.Release|Any CPU.ActiveCfg = Release|Any CPU
		{0D227961-D8D3-4DAD-824E-E573F3860B6A}.Release|Any CPU.Build.0 = Release|Any CPU
		{F1F4C115-0531-4E28-B84C-81297430E1B2}.Debug|Any CPU.ActiveCfg = Debug|Any CPU
		{F1F4C115-0531-4E28-B84C-81297430E1B2}.Debug|Any CPU.Build.0 = Debug|Any CPU
		{F1F4C115-0531-4E28-B84C-81297430E1B2}.Release|Any CPU.ActiveCfg = Release|Any CPU
		{F1F4C115-0531-4E28-B84C-81297430E1B2}.Release|Any CPU.Build.0 = Release|Any CPU
	EndGlobalSection
	GlobalSection(SolutionProperties) = preSolution
		HideSolutionNode = FALSE
	EndGlobalSection
	GlobalSection(ExtensibilityGlobals) = postSolution
		SolutionGuid = {AE6FA17C-36CD-4AB4-92FA-14038B59D437}
	EndGlobalSection
EndGlobal
